
Microsoft Visual Studio Solution File, Format Version 12.00
# Visual Studio Version 17
VisualStudioVersion = 17.8.34330.188
MinimumVisualStudioVersion = 10.0.40219.1
Project("{FAE04EC0-301F-11D3-BF4B-00C04F79EFBC}") = "Exercicios", "Exercicios\Exercicios.csproj", "{BD5B0550-B74A-46E5-AE94-8A96B511A129}"
EndProject
Global
	GlobalSection(SolutionConfigurationPlatforms) = preSolution
		Debug|Any CPU = Debug|Any CPU
		Release|Any CPU = Release|Any CPU
	EndGlobalSection
	GlobalSection(ProjectConfigurationPlatforms) = postSolution
		{BD5B0550-B74A-46E5-AE94-8A96B511A129}.Debug|Any CPU.ActiveCfg = Debug|Any CPU
		{BD5B0550-B74A-46E5-AE94-8A96B511A129}.Debug|Any CPU.Build.0 = Debug|Any CPU
		{BD5B0550-B74A-46E5-AE94-8A96B511A129}.Release|Any CPU.ActiveCfg = Release|Any CPU
		{BD5B0550-B74A-46E5-AE94-8A96B511A129}.Release|Any CPU.Build.0 = Release|Any CPU
	EndGlobalSection
	GlobalSection(SolutionProperties) = preSolution
		HideSolutionNode = FALSE
	EndGlobalSection
	GlobalSection(ExtensibilityGlobals) = postSolution
		SolutionGuid = {E6CF8CE9-611D-48BB-8BCC-11263EEB3C39}
	EndGlobalSection
EndGlobal
